
Microsoft Visual Studio Solution File, Format Version 11.00
# Visual Studio 2010
Project("{FAE04EC0-301F-11D3-BF4B-00C04F79EFBC}") = "SSIGlass.Contract", "SSIGlass.Contract\SSIGlass.Contract.csproj", "{D5E5B4F5-CE8F-4C6B-8D59-D89625273378}"
EndProject
Project("{FAE04EC0-301F-11D3-BF4B-00C04F79EFBC}") = "SSIGlass.Core", "SSIGlass.Core\SSIGlass.Core.csproj", "{53B50C29-7431-4576-A676-E8C03016556D}"
EndProject
Project("{FAE04EC0-301F-11D3-BF4B-00C04F79EFBC}") = "SSIGlass.Web", "SSIGlass.Web\SSIGlass.Web.csproj", "{4F2419DF-38EB-4634-9DB2-FB414959BDF2}"
EndProject
Project("{FAE04EC0-301F-11D3-BF4B-00C04F79EFBC}") = "SSIGlass.Web.Infrastructure", "SSIGlass.Web.Infrastructure\SSIGlass.Web.Infrastructure.csproj", "{98057FC2-1395-4F16-9C4C-511E8AEB76F2}"
EndProject
Global
	GlobalSection(SolutionConfigurationPlatforms) = preSolution
		Debug|Any CPU = Debug|Any CPU
		Release|Any CPU = Release|Any CPU
	EndGlobalSection
	GlobalSection(ProjectConfigurationPlatforms) = postSolution
		{D5E5B4F5-CE8F-4C6B-8D59-D89625273378}.Debug|Any CPU.ActiveCfg = Debug|Any CPU
		{D5E5B4F5-CE8F-4C6B-8D59-D89625273378}.Debug|Any CPU.Build.0 = Debug|Any CPU
		{D5E5B4F5-CE8F-4C6B-8D59-D89625273378}.Release|Any CPU.ActiveCfg = Release|Any CPU
		{D5E5B4F5-CE8F-4C6B-8D59-D89625273378}.Release|Any CPU.Build.0 = Release|Any CPU
		{53B50C29-7431-4576-A676-E8C03016556D}.Debug|Any CPU.ActiveCfg = Debug|Any CPU
		{53B50C29-7431-4576-A676-E8C03016556D}.Debug|Any CPU.Build.0 = Debug|Any CPU
		{53B50C29-7431-4576-A676-E8C03016556D}.Release|Any CPU.ActiveCfg = Release|Any CPU
		{53B50C29-7431-4576-A676-E8C03016556D}.Release|Any CPU.Build.0 = Release|Any CPU
		{4F2419DF-38EB-4634-9DB2-FB414959BDF2}.Debug|Any CPU.ActiveCfg = Debug|Any CPU
		{4F2419DF-38EB-4634-9DB2-FB414959BDF2}.Debug|Any CPU.Build.0 = Debug|Any CPU
		{4F2419DF-38EB-4634-9DB2-FB414959BDF2}.Release|Any CPU.ActiveCfg = Release|Any CPU
		{4F2419DF-38EB-4634-9DB2-FB414959BDF2}.Release|Any CPU.Build.0 = Release|Any CPU
		{98057FC2-1395-4F16-9C4C-511E8AEB76F2}.Debug|Any CPU.ActiveCfg = Debug|Any CPU
		{98057FC2-1395-4F16-9C4C-511E8AEB76F2}.Debug|Any CPU.Build.0 = Debug|Any CPU
		{98057FC2-1395-4F16-9C4C-511E8AEB76F2}.Release|Any CPU.ActiveCfg = Release|Any CPU
		{98057FC2-1395-4F16-9C4C-511E8AEB76F2}.Release|Any CPU.Build.0 = Release|Any CPU
	EndGlobalSection
	GlobalSection(SolutionProperties) = preSolution
		HideSolutionNode = FALSE
	EndGlobalSection
EndGlobal
